// !$*UTF8*$!
{
	archiveVersion = 1;
	classes = {
	};
	objectVersion = 56;
	objects = {

/* Begin PBXBuildFile section */
		FA0CEBF42986B48500A275C7 /* ProfileHeaderView.swift in Sources */ = {isa = PBXBuildFile; fileRef = FA0CEBF32986B48500A275C7 /* ProfileHeaderView.swift */; };
		FA0CEBF62986B4C100A275C7 /* ProfileViewController.swift in Sources */ = {isa = PBXBuildFile; fileRef = FA0CEBF52986B4C100A275C7 /* ProfileViewController.swift */; };
		FA7016AD298AAE42000E95C8 /* LayoutConstants.swift in Sources */ = {isa = PBXBuildFile; fileRef = FA7016AC298AAE42000E95C8 /* LayoutConstants.swift */; };
		FA88211A299263DF00E44D4D /* ExtensionUIView.swift in Sources */ = {isa = PBXBuildFile; fileRef = FA882119299263DF00E44D4D /* ExtensionUIView.swift */; };
		FA88211C2992642000E44D4D /* ExtensionUIImage.swift in Sources */ = {isa = PBXBuildFile; fileRef = FA88211B2992642000E44D4D /* ExtensionUIImage.swift */; };
		FA97D777297EF246006541D9 /* AppDelegate.swift in Sources */ = {isa = PBXBuildFile; fileRef = FA97D776297EF246006541D9 /* AppDelegate.swift */; };
		FA97D779297EF246006541D9 /* SceneDelegate.swift in Sources */ = {isa = PBXBuildFile; fileRef = FA97D778297EF246006541D9 /* SceneDelegate.swift */; };
		FA97D780297EF248006541D9 /* Assets.xcassets in Resources */ = {isa = PBXBuildFile; fileRef = FA97D77F297EF248006541D9 /* Assets.xcassets */; };
		FA97D783297EF248006541D9 /* LaunchScreen.storyboard in Resources */ = {isa = PBXBuildFile; fileRef = FA97D781297EF248006541D9 /* LaunchScreen.storyboard */; };
		FA97D78F297EF37C006541D9 /* TabBarController.swift in Sources */ = {isa = PBXBuildFile; fileRef = FA97D78E297EF37C006541D9 /* TabBarController.swift */; };
		FA97D797297EF6C3006541D9 /* Post.swift in Sources */ = {isa = PBXBuildFile; fileRef = FA97D796297EF6C3006541D9 /* Post.swift */; };
		FA97D799297F0FD8006541D9 /* FeedViewController.swift in Sources */ = {isa = PBXBuildFile; fileRef = FA97D798297F0FD8006541D9 /* FeedViewController.swift */; };
		FA97D79D297F1243006541D9 /* PostViewController.swift in Sources */ = {isa = PBXBuildFile; fileRef = FA97D79C297F1243006541D9 /* PostViewController.swift */; };
		FA97D79F297F1D3F006541D9 /* InfoViewController.swift in Sources */ = {isa = PBXBuildFile; fileRef = FA97D79E297F1D3F006541D9 /* InfoViewController.swift */; };
		FAD13005299170C5007BC2B6 /* LoginViewController.swift in Sources */ = {isa = PBXBuildFile; fileRef = FAD13004299170C5007BC2B6 /* LoginViewController.swift */; };
/* End PBXBuildFile section */

/* Begin PBXFileReference section */
		FA0CEBF32986B48500A275C7 /* ProfileHeaderView.swift */ = {isa = PBXFileReference; lastKnownFileType = sourcecode.swift; path = ProfileHeaderView.swift; sourceTree = "<group>"; };
		FA0CEBF52986B4C100A275C7 /* ProfileViewController.swift */ = {isa = PBXFileReference; lastKnownFileType = sourcecode.swift; path = ProfileViewController.swift; sourceTree = "<group>"; };
		FA7016AC298AAE42000E95C8 /* LayoutConstants.swift */ = {isa = PBXFileReference; lastKnownFileType = sourcecode.swift; path = LayoutConstants.swift; sourceTree = "<group>"; };
		FA882119299263DF00E44D4D /* ExtensionUIView.swift */ = {isa = PBXFileReference; lastKnownFileType = sourcecode.swift; path = ExtensionUIView.swift; sourceTree = "<group>"; };
		FA88211B2992642000E44D4D /* ExtensionUIImage.swift */ = {isa = PBXFileReference; lastKnownFileType = sourcecode.swift; path = ExtensionUIImage.swift; sourceTree = "<group>"; };
		FA97D773297EF246006541D9 /* Navigation.app */ = {isa = PBXFileReference; explicitFileType = wrapper.application; includeInIndex = 0; path = Navigation.app; sourceTree = BUILT_PRODUCTS_DIR; };
		FA97D776297EF246006541D9 /* AppDelegate.swift */ = {isa = PBXFileReference; lastKnownFileType = sourcecode.swift; path = AppDelegate.swift; sourceTree = "<group>"; };
		FA97D778297EF246006541D9 /* SceneDelegate.swift */ = {isa = PBXFileReference; lastKnownFileType = sourcecode.swift; path = SceneDelegate.swift; sourceTree = "<group>"; };
		FA97D77F297EF248006541D9 /* Assets.xcassets */ = {isa = PBXFileReference; lastKnownFileType = folder.assetcatalog; path = Assets.xcassets; sourceTree = "<group>"; };
		FA97D782297EF248006541D9 /* Base */ = {isa = PBXFileReference; lastKnownFileType = file.storyboard; name = Base; path = Base.lproj/LaunchScreen.storyboard; sourceTree = "<group>"; };
		FA97D784297EF248006541D9 /* Info.plist */ = {isa = PBXFileReference; lastKnownFileType = text.plist.xml; path = Info.plist; sourceTree = "<group>"; };
		FA97D78E297EF37C006541D9 /* TabBarController.swift */ = {isa = PBXFileReference; lastKnownFileType = sourcecode.swift; path = TabBarController.swift; sourceTree = "<group>"; };
		FA97D796297EF6C3006541D9 /* Post.swift */ = {isa = PBXFileReference; lastKnownFileType = sourcecode.swift; path = Post.swift; sourceTree = "<group>"; };
		FA97D798297F0FD8006541D9 /* FeedViewController.swift */ = {isa = PBXFileReference; lastKnownFileType = sourcecode.swift; path = FeedViewController.swift; sourceTree = "<group>"; };
		FA97D79C297F1243006541D9 /* PostViewController.swift */ = {isa = PBXFileReference; lastKnownFileType = sourcecode.swift; path = PostViewController.swift; sourceTree = "<group>"; };
		FA97D79E297F1D3F006541D9 /* InfoViewController.swift */ = {isa = PBXFileReference; lastKnownFileType = sourcecode.swift; path = InfoViewController.swift; sourceTree = "<group>"; };
		FAD13004299170C5007BC2B6 /* LoginViewController.swift */ = {isa = PBXFileReference; lastKnownFileType = sourcecode.swift; path = LoginViewController.swift; sourceTree = "<group>"; };
/* End PBXFileReference section */

/* Begin PBXFrameworksBuildPhase section */
		FA97D770297EF246006541D9 /* Frameworks */ = {
			isa = PBXFrameworksBuildPhase;
			buildActionMask = 2147483647;
			files = (
			);
			runOnlyForDeploymentPostprocessing = 0;
		};
/* End PBXFrameworksBuildPhase section */

/* Begin PBXGroup section */
		FA0CEBE329867A7200A275C7 /* Profile */ = {
			isa = PBXGroup;
			children = (
				FA0CEBF32986B48500A275C7 /* ProfileHeaderView.swift */,
				FA0CEBF52986B4C100A275C7 /* ProfileViewController.swift */,
				FAD13004299170C5007BC2B6 /* LoginViewController.swift */,
			);
			path = Profile;
			sourceTree = "<group>";
		};
		FA7016AB298AAE2E000E95C8 /* Library */ = {
			isa = PBXGroup;
			children = (
				FA7016AC298AAE42000E95C8 /* LayoutConstants.swift */,
				FA882119299263DF00E44D4D /* ExtensionUIView.swift */,
				FA88211B2992642000E44D4D /* ExtensionUIImage.swift */,
			);
			path = Library;
			sourceTree = "<group>";
		};
		FA97D76A297EF246006541D9 = {
			isa = PBXGroup;
			children = (
				FA97D775297EF246006541D9 /* Navigation */,
				FA97D774297EF246006541D9 /* Products */,
			);
			sourceTree = "<group>";
		};
		FA97D774297EF246006541D9 /* Products */ = {
			isa = PBXGroup;
			children = (
				FA97D773297EF246006541D9 /* Navigation.app */,
			);
			name = Products;
			sourceTree = "<group>";
		};
		FA97D775297EF246006541D9 /* Navigation */ = {
			isa = PBXGroup;
			children = (
				FA7016AB298AAE2E000E95C8 /* Library */,
				FA0CEBE329867A7200A275C7 /* Profile */,
				FA97D78A297EF257006541D9 /* Application */,
				FA97D78D297EF28A006541D9 /* TabBarController */,
				FA97D78B297EF267006541D9 /* Controllers */,
				FA97D78C297EF279006541D9 /* Data */,
				FA97D77F297EF248006541D9 /* Assets.xcassets */,
				FA97D781297EF248006541D9 /* LaunchScreen.storyboard */,
				FA97D784297EF248006541D9 /* Info.plist */,
			);
			path = Navigation;
			sourceTree = "<group>";
		};
		FA97D78A297EF257006541D9 /* Application */ = {
			isa = PBXGroup;
			children = (
				FA97D778297EF246006541D9 /* SceneDelegate.swift */,
				FA97D776297EF246006541D9 /* AppDelegate.swift */,
			);
			path = Application;
			sourceTree = "<group>";
		};
		FA97D78B297EF267006541D9 /* Controllers */ = {
			isa = PBXGroup;
			children = (
				FA97D798297F0FD8006541D9 /* FeedViewController.swift */,
				FA97D79C297F1243006541D9 /* PostViewController.swift */,
				FA97D79E297F1D3F006541D9 /* InfoViewController.swift */,
			);
			path = Controllers;
			sourceTree = "<group>";
		};
		FA97D78C297EF279006541D9 /* Data */ = {
			isa = PBXGroup;
			children = (
				FA97D796297EF6C3006541D9 /* Post.swift */,
			);
			path = Data;
			sourceTree = "<group>";
		};
		FA97D78D297EF28A006541D9 /* TabBarController */ = {
			isa = PBXGroup;
			children = (
				FA97D78E297EF37C006541D9 /* TabBarController.swift */,
			);
			path = TabBarController;
			sourceTree = "<group>";
		};
/* End PBXGroup section */

/* Begin PBXNativeTarget section */
		FA97D772297EF246006541D9 /* Navigation */ = {
			isa = PBXNativeTarget;
			buildConfigurationList = FA97D787297EF248006541D9 /* Build configuration list for PBXNativeTarget "Navigation" */;
			buildPhases = (
				FA97D76F297EF246006541D9 /* Sources */,
				FA97D770297EF246006541D9 /* Frameworks */,
				FA97D771297EF246006541D9 /* Resources */,
			);
			buildRules = (
			);
			dependencies = (
			);
			name = Navigation;
			productName = Navigation;
			productReference = FA97D773297EF246006541D9 /* Navigation.app */;
			productType = "com.apple.product-type.application";
		};
/* End PBXNativeTarget section */

/* Begin PBXProject section */
		FA97D76B297EF246006541D9 /* Project object */ = {
			isa = PBXProject;
			attributes = {
				BuildIndependentTargetsInParallel = 1;
				LastSwiftUpdateCheck = 1420;
				LastUpgradeCheck = 1420;
				TargetAttributes = {
					FA97D772297EF246006541D9 = {
						CreatedOnToolsVersion = 14.2;
					};
				};
			};
			buildConfigurationList = FA97D76E297EF246006541D9 /* Build configuration list for PBXProject "Navigation" */;
			compatibilityVersion = "Xcode 14.0";
			developmentRegion = en;
			hasScannedForEncodings = 0;
			knownRegions = (
				en,
				Base,
			);
			mainGroup = FA97D76A297EF246006541D9;
			productRefGroup = FA97D774297EF246006541D9 /* Products */;
			projectDirPath = "";
			projectRoot = "";
			targets = (
				FA97D772297EF246006541D9 /* Navigation */,
			);
		};
/* End PBXProject section */

/* Begin PBXResourcesBuildPhase section */
		FA97D771297EF246006541D9 /* Resources */ = {
			isa = PBXResourcesBuildPhase;
			buildActionMask = 2147483647;
			files = (
				FA97D783297EF248006541D9 /* LaunchScreen.storyboard in Resources */,
				FA97D780297EF248006541D9 /* Assets.xcassets in Resources */,
			);
			runOnlyForDeploymentPostprocessing = 0;
		};
/* End PBXResourcesBuildPhase section */

/* Begin PBXSourcesBuildPhase section */
		FA97D76F297EF246006541D9 /* Sources */ = {
			isa = PBXSourcesBuildPhase;
			buildActionMask = 2147483647;
			files = (
				FA97D78F297EF37C006541D9 /* TabBarController.swift in Sources */,
				FA97D79D297F1243006541D9 /* PostViewController.swift in Sources */,
				FA97D797297EF6C3006541D9 /* Post.swift in Sources */,
				FA88211C2992642000E44D4D /* ExtensionUIImage.swift in Sources */,
				FA0CEBF42986B48500A275C7 /* ProfileHeaderView.swift in Sources */,
				FA97D799297F0FD8006541D9 /* FeedViewController.swift in Sources */,
				FA97D777297EF246006541D9 /* AppDelegate.swift in Sources */,
				FA88211A299263DF00E44D4D /* ExtensionUIView.swift in Sources */,
				FA0CEBF62986B4C100A275C7 /* ProfileViewController.swift in Sources */,
				FA97D79F297F1D3F006541D9 /* InfoViewController.swift in Sources */,
				FA97D779297EF246006541D9 /* SceneDelegate.swift in Sources */,
				FA7016AD298AAE42000E95C8 /* LayoutConstants.swift in Sources */,
				FAD13005299170C5007BC2B6 /* LoginViewController.swift in Sources */,
			);
			runOnlyForDeploymentPostprocessing = 0;
		};
/* End PBXSourcesBuildPhase section */

/* Begin PBXVariantGroup section */
		FA97D781297EF248006541D9 /* LaunchScreen.storyboard */ = {
			isa = PBXVariantGroup;
			children = (
				FA97D782297EF248006541D9 /* Base */,
			);
			name = LaunchScreen.storyboard;
			sourceTree = "<group>";
		};
/* End PBXVariantGroup section */

/* Begin XCBuildConfiguration section */
		FA97D785297EF248006541D9 /* Debug */ = {
			isa = XCBuildConfiguration;
			buildSettings = {
				ALWAYS_SEARCH_USER_PATHS = NO;
				CLANG_ANALYZER_NONNULL = YES;
				CLANG_ANALYZER_NUMBER_OBJECT_CONVERSION = YES_AGGRESSIVE;
				CLANG_CXX_LANGUAGE_STANDARD = "gnu++20";
				CLANG_ENABLE_MODULES = YES;
				CLANG_ENABLE_OBJC_ARC = YES;
				CLANG_ENABLE_OBJC_WEAK = YES;
				CLANG_WARN_BLOCK_CAPTURE_AUTORELEASING = YES;
				CLANG_WARN_BOOL_CONVERSION = YES;
				CLANG_WARN_COMMA = YES;
				CLANG_WARN_CONSTANT_CONVERSION = YES;
				CLANG_WARN_DEPRECATED_OBJC_IMPLEMENTATIONS = YES;
				CLANG_WARN_DIRECT_OBJC_ISA_USAGE = YES_ERROR;
				CLANG_WARN_DOCUMENTATION_COMMENTS = YES;
				CLANG_WARN_EMPTY_BODY = YES;
				CLANG_WARN_ENUM_CONVERSION = YES;
				CLANG_WARN_INFINITE_RECURSION = YES;
				CLANG_WARN_INT_CONVERSION = YES;
				CLANG_WARN_NON_LITERAL_NULL_CONVERSION = YES;
				CLANG_WARN_OBJC_IMPLICIT_RETAIN_SELF = YES;
				CLANG_WARN_OBJC_LITERAL_CONVERSION = YES;
				CLANG_WARN_OBJC_ROOT_CLASS = YES_ERROR;
				CLANG_WARN_QUOTED_INCLUDE_IN_FRAMEWORK_HEADER = YES;
				CLANG_WARN_RANGE_LOOP_ANALYSIS = YES;
				CLANG_WARN_STRICT_PROTOTYPES = YES;
				CLANG_WARN_SUSPICIOUS_MOVE = YES;
				CLANG_WARN_UNGUARDED_AVAILABILITY = YES_AGGRESSIVE;
				CLANG_WARN_UNREACHABLE_CODE = YES;
				CLANG_WARN__DUPLICATE_METHOD_MATCH = YES;
				COPY_PHASE_STRIP = NO;
				DEBUG_INFORMATION_FORMAT = dwarf;
				ENABLE_STRICT_OBJC_MSGSEND = YES;
				ENABLE_TESTABILITY = YES;
				GCC_C_LANGUAGE_STANDARD = gnu11;
				GCC_DYNAMIC_NO_PIC = NO;
				GCC_NO_COMMON_BLOCKS = YES;
				GCC_OPTIMIZATION_LEVEL = 0;
				GCC_PREPROCESSOR_DEFINITIONS = (
					"DEBUG=1",
					"$(inherited)",
				);
				GCC_WARN_64_TO_32_BIT_CONVERSION = YES;
				GCC_WARN_ABOUT_RETURN_TYPE = YES_ERROR;
				GCC_WARN_UNDECLARED_SELECTOR = YES;
				GCC_WARN_UNINITIALIZED_AUTOS = YES_AGGRESSIVE;
				GCC_WARN_UNUSED_FUNCTION = YES;
				GCC_WARN_UNUSED_VARIABLE = YES;
				IPHONEOS_DEPLOYMENT_TARGET = 16.2;
				MTL_ENABLE_DEBUG_INFO = INCLUDE_SOURCE;
				MTL_FAST_MATH = YES;
				ONLY_ACTIVE_ARCH = YES;
				SDKROOT = iphoneos;
				SWIFT_ACTIVE_COMPILATION_CONDITIONS = DEBUG;
				SWIFT_OPTIMIZATION_LEVEL = "-Onone";
			};
			name = Debug;
		};
		FA97D786297EF248006541D9 /* Release */ = {
			isa = XCBuildConfiguration;
			buildSettings = {
				ALWAYS_SEARCH_USER_PATHS = NO;
				CLANG_ANALYZER_NONNULL = YES;
				CLANG_ANALYZER_NUMBER_OBJECT_CONVERSION = YES_AGGRESSIVE;
				CLANG_CXX_LANGUAGE_STANDARD = "gnu++20";
				CLANG_ENABLE_MODULES = YES;
				CLANG_ENABLE_OBJC_ARC = YES;
				CLANG_ENABLE_OBJC_WEAK = YES;
				CLANG_WARN_BLOCK_CAPTURE_AUTORELEASING = YES;
				CLANG_WARN_BOOL_CONVERSION = YES;
				CLANG_WARN_COMMA = YES;
				CLANG_WARN_CONSTANT_CONVERSION = YES;
				CLANG_WARN_DEPRECATED_OBJC_IMPLEMENTATIONS = YES;
				CLANG_WARN_DIRECT_OBJC_ISA_USAGE = YES_ERROR;
				CLANG_WARN_DOCUMENTATION_COMMENTS = YES;
				CLANG_WARN_EMPTY_BODY = YES;
				CLANG_WARN_ENUM_CONVERSION = YES;
				CLANG_WARN_INFINITE_RECURSION = YES;
				CLANG_WARN_INT_CONVERSION = YES;
				CLANG_WARN_NON_LITERAL_NULL_CONVERSION = YES;
				CLANG_WARN_OBJC_IMPLICIT_RETAIN_SELF = YES;
				CLANG_WARN_OBJC_LITERAL_CONVERSION = YES;
				CLANG_WARN_OBJC_ROOT_CLASS = YES_ERROR;
				CLANG_WARN_QUOTED_INCLUDE_IN_FRAMEWORK_HEADER = YES;
				CLANG_WARN_RANGE_LOOP_ANALYSIS = YES;
				CLANG_WARN_STRICT_PROTOTYPES = YES;
				CLANG_WARN_SUSPICIOUS_MOVE = YES;
				CLANG_WARN_UNGUARDED_AVAILABILITY = YES_AGGRESSIVE;
				CLANG_WARN_UNREACHABLE_CODE = YES;
				CLANG_WARN__DUPLICATE_METHOD_MATCH = YES;
				COPY_PHASE_STRIP = NO;
				DEBUG_INFORMATION_FORMAT = "dwarf-with-dsym";
				ENABLE_NS_ASSERTIONS = NO;
				ENABLE_STRICT_OBJC_MSGSEND = YES;
				GCC_C_LANGUAGE_STANDARD = gnu11;
				GCC_NO_COMMON_BLOCKS = YES;
				GCC_WARN_64_TO_32_BIT_CONVERSION = YES;
				GCC_WARN_ABOUT_RETURN_TYPE = YES_ERROR;
				GCC_WARN_UNDECLARED_SELECTOR = YES;
				GCC_WARN_UNINITIALIZED_AUTOS = YES_AGGRESSIVE;
				GCC_WARN_UNUSED_FUNCTION = YES;
				GCC_WARN_UNUSED_VARIABLE = YES;
				IPHONEOS_DEPLOYMENT_TARGET = 16.2;
				MTL_ENABLE_DEBUG_INFO = NO;
				MTL_FAST_MATH = YES;
				SDKROOT = iphoneos;
				SWIFT_COMPILATION_MODE = wholemodule;
				SWIFT_OPTIMIZATION_LEVEL = "-O";
				VALIDATE_PRODUCT = YES;
			};
			name = Release;
		};
		FA97D788297EF248006541D9 /* Debug */ = {
			isa = XCBuildConfiguration;
			buildSettings = {
				ASSETCATALOG_COMPILER_APPICON_NAME = AppIcon;
				ASSETCATALOG_COMPILER_GLOBAL_ACCENT_COLOR_NAME = AccentColor;
				CODE_SIGN_STYLE = Automatic;
				CURRENT_PROJECT_VERSION = 1;
				DEVELOPMENT_TEAM = B48X5NTJG6;
				GENERATE_INFOPLIST_FILE = YES;
				INFOPLIST_FILE = Navigation/Info.plist;
				INFOPLIST_KEY_UIApplicationSupportsIndirectInputEvents = YES;
				INFOPLIST_KEY_UILaunchStoryboardName = LaunchScreen;
				INFOPLIST_KEY_UISupportedInterfaceOrientations_iPad = "UIInterfaceOrientationPortrait UIInterfaceOrientationPortraitUpsideDown UIInterfaceOrientationLandscapeLeft UIInterfaceOrientationLandscapeRight";
				INFOPLIST_KEY_UISupportedInterfaceOrientations_iPhone = "UIInterfaceOrientationPortrait UIInterfaceOrientationLandscapeLeft UIInterfaceOrientationLandscapeRight";
				LD_RUNPATH_SEARCH_PATHS = (
					"$(inherited)",
					"@executable_path/Frameworks",
				);
				MARKETING_VERSION = 1.0;
				PRODUCT_BUNDLE_IDENTIFIER = CyberInform.Navigation;
				PRODUCT_NAME = "$(TARGET_NAME)";
				SWIFT_EMIT_LOC_STRINGS = YES;
				SWIFT_VERSION = 5.0;
				TARGETED_DEVICE_FAMILY = "1,2";
			};
			name = Debug;
		};
		FA97D789297EF248006541D9 /* Release */ = {
			isa = XCBuildConfiguration;
			buildSettings = {
				ASSETCATALOG_COMPILER_APPICON_NAME = AppIcon;
				ASSETCATALOG_COMPILER_GLOBAL_ACCENT_COLOR_NAME = AccentColor;
				CODE_SIGN_STYLE = Automatic;
				CURRENT_PROJECT_VERSION = 1;
				DEVELOPMENT_TEAM = B48X5NTJG6;
				GENERATE_INFOPLIST_FILE = YES;
				INFOPLIST_FILE = Navigation/Info.plist;
				INFOPLIST_KEY_UIApplicationSupportsIndirectInputEvents = YES;
				INFOPLIST_KEY_UILaunchStoryboardName = LaunchScreen;
				INFOPLIST_KEY_UISupportedInterfaceOrientations_iPad = "UIInterfaceOrientationPortrait UIInterfaceOrientationPortraitUpsideDown UIInterfaceOrientationLandscapeLeft UIInterfaceOrientationLandscapeRight";
				INFOPLIST_KEY_UISupportedInterfaceOrientations_iPhone = "UIInterfaceOrientationPortrait UIInterfaceOrientationLandscapeLeft UIInterfaceOrientationLandscapeRight";
				LD_RUNPATH_SEARCH_PATHS = (
					"$(inherited)",
					"@executable_path/Frameworks",
				);
				MARKETING_VERSION = 1.0;
				PRODUCT_BUNDLE_IDENTIFIER = CyberInform.Navigation;
				PRODUCT_NAME = "$(TARGET_NAME)";
				SWIFT_EMIT_LOC_STRINGS = YES;
				SWIFT_VERSION = 5.0;
				TARGETED_DEVICE_FAMILY = "1,2";
			};
			name = Release;
		};
/* End XCBuildConfiguration section */

/* Begin XCConfigurationList section */
		FA97D76E297EF246006541D9 /* Build configuration list for PBXProject "Navigation" */ = {
			isa = XCConfigurationList;
			buildConfigurations = (
				FA97D785297EF248006541D9 /* Debug */,
				FA97D786297EF248006541D9 /* Release */,
			);
			defaultConfigurationIsVisible = 0;
			defaultConfigurationName = Release;
		};
		FA97D787297EF248006541D9 /* Build configuration list for PBXNativeTarget "Navigation" */ = {
			isa = XCConfigurationList;
			buildConfigurations = (
				FA97D788297EF248006541D9 /* Debug */,
				FA97D789297EF248006541D9 /* Release */,
			);
			defaultConfigurationIsVisible = 0;
			defaultConfigurationName = Release;
		};
/* End XCConfigurationList section */
	};
	rootObject = FA97D76B297EF246006541D9 /* Project object */;
}
